
Microsoft Visual Studio Solution File, Format Version 12.00
# Visual Studio 14
VisualStudioVersion = 14.0.25420.1
MinimumVisualStudioVersion = 10.0.40219.1
Project("{FAE04EC0-301F-11D3-BF4B-00C04F79EFBC}") = "Test Average", "Test Average\Test Average.csproj", "{21B5CAC7-192E-4B3F-B5CF-D4DF1985BFF8}"
EndProject
Global
	GlobalSection(SolutionConfigurationPlatforms) = preSolution
		Debug|Any CPU = Debug|Any CPU
		Release|Any CPU = Release|Any CPU
	EndGlobalSection
	GlobalSection(ProjectConfigurationPlatforms) = postSolution
		{21B5CAC7-192E-4B3F-B5CF-D4DF1985BFF8}.Debug|Any CPU.ActiveCfg = Debug|Any CPU
		{21B5CAC7-192E-4B3F-B5CF-D4DF1985BFF8}.Debug|Any CPU.Build.0 = Debug|Any CPU
		{21B5CAC7-192E-4B3F-B5CF-D4DF1985BFF8}.Release|Any CPU.ActiveCfg = Release|Any CPU
		{21B5CAC7-192E-4B3F-B5CF-D4DF1985BFF8}.Release|Any CPU.Build.0 = Release|Any CPU
	EndGlobalSection
	GlobalSection(SolutionProperties) = preSolution
		HideSolutionNode = FALSE
	EndGlobalSection
EndGlobal
